<?xml version="1.0" encoding="utf-8"?>
<Project ToolsVersion="4.0" xmlns="http://schemas.microsoft.com/developer/msbuild/2003">
  <ItemGroup>
    <Filter Include="Source Files">
      <UniqueIdentifier>{4FC737F1-C7A5-4376-A066-2A32D752A2FF}</UniqueIdentifier>
      <Extensions>cpp;c;cc;cxx;c++;cppm;ixx;def;odl;idl;hpj;bat;asm;asmx</Extensions>
    </Filter>
    <Filter Include="Header Files">
      <UniqueIdentifier>{93995380-89BD-4b04-88EB-625FBE52EBFB}</UniqueIdentifier>
      <Extensions>h;hh;hpp;hxx;h++;hm;inl;inc;ipp;xsd</Extensions>
    </Filter>
    <Filter Include="Resource Files">
      <UniqueIdentifier>{67DA6AB6-F800-4c08-8B7A-83BB121AAD01}</UniqueIdentifier>
      <Extensions>rc;ico;cur;bmp;dlg;rc2;rct;bin;rgs;gif;jpg;jpeg;jpe;resx;tiff;tif;png;wav;mfcribbon-ms</Extensions>
    </Filter>
  </ItemGroup>
  <ItemGroup>
    <ClInclude Include="src\main.h">
      <Filter>Header Files</Filter>
    </ClInclude>
    <ClInclude Include="src\base\base.h">
      <Filter>Header Files</Filter>
    </ClInclude>
    <ClInclude Include="src\base\java\java.h">
      <Filter>Header Files</Filter>
    </ClInclude>
    <ClInclude Include="ext\jni\classfile_constants.h">
      <Filter>Header Files</Filter>
    </ClInclude>
    <ClInclude Include="ext\jni\jawt.h">
      <Filter>Header Files</Filter>
    </ClInclude>
    <ClInclude Include="ext\jni\jawt_md.h">
      <Filter>Header Files</Filter>
    </ClInclude>
    <ClInclude Include="ext\jni\jdwpTransport.h">
      <Filter>Header Files</Filter>
    </ClInclude>
    <ClInclude Include="ext\jni\jni.h">
      <Filter>Header Files</Filter>
    </ClInclude>
    <ClInclude Include="ext\jni\jni_md.h">
      <Filter>Header Files</Filter>
    </ClInclude>
    <ClInclude Include="ext\jni\jvmti.h">
      <Filter>Header Files</Filter>
    </ClInclude>
    <ClInclude Include="ext\jni\jvmticmlr.h">
      <Filter>Header Files</Filter>
    </ClInclude>
    <ClInclude Include="src\base\util\logger.h">
      <Filter>Header Files</Filter>
    </ClInclude>
    <ClInclude Include="src\base\menu\menu.h">
      <Filter>Header Files</Filter>
    </ClInclude>
    <ClInclude Include="src\base\sdk\net\minecraft\client\Minecraft.h">
      <Filter>Header Files</Filter>
    </ClInclude>
    <ClInclude Include="ext\imgui\imconfig.h">
      <Filter>Header Files</Filter>
    </ClInclude>
    <ClInclude Include="ext\imgui\imgui.h">
      <Filter>Header Files</Filter>
    </ClInclude>
    <ClInclude Include="ext\imgui\imgui_impl_opengl2.h">
      <Filter>Header Files</Filter>
    </ClInclude>
    <ClInclude Include="ext\imgui\imgui_impl_win32.h">
      <Filter>Header Files</Filter>
    </ClInclude>
    <ClInclude Include="ext\imgui\imgui_internal.h">
      <Filter>Header Files</Filter>
    </ClInclude>
    <ClInclude Include="ext\imgui\imstb_rectpack.h">
      <Filter>Header Files</Filter>
    </ClInclude>
    <ClInclude Include="ext\imgui\imstb_textedit.h">
      <Filter>Header Files</Filter>
    </ClInclude>
    <ClInclude Include="ext\imgui\imstb_truetype.h">
      <Filter>Header Files</Filter>
    </ClInclude>
    <ClInclude Include="ext\minhook\hde\hde32.h">
      <Filter>Header Files</Filter>
    </ClInclude>
    <ClInclude Include="ext\minhook\hde\hde64.h">
      <Filter>Header Files</Filter>
    </ClInclude>
    <ClInclude Include="ext\minhook\hde\pstdint.h">
      <Filter>Header Files</Filter>
    </ClInclude>
    <ClInclude Include="ext\minhook\hde\table32.h">
      <Filter>Header Files</Filter>
    </ClInclude>
    <ClInclude Include="ext\minhook\hde\table64.h">
      <Filter>Header Files</Filter>
    </ClInclude>
    <ClInclude Include="ext\minhook\buffer.h">
      <Filter>Header Files</Filter>
    </ClInclude>
    <ClInclude Include="ext\minhook\minhook.h">
      <Filter>Header Files</Filter>
    </ClInclude>
    <ClInclude Include="ext\minhook\trampoline.h">
      <Filter>Header Files</Filter>
    </ClInclude>
    <ClInclude Include="src\base\sdk\net\minecraft\entity\Entity.h">
      <Filter>Header Files</Filter>
    </ClInclude>
    <ClInclude Include="src\base\sdk\java\IClass.h">
      <Filter>Header Files</Filter>
    </ClInclude>
    <ClInclude Include="src\base\sdk\sdk.h">
      <Filter>Header Files</Filter>
    </ClInclude>
    <ClInclude Include="src\base\sdk\java\lang\String.h">
      <Filter>Header Files</Filter>
    </ClInclude>
    <ClInclude Include="src\base\sdk\net\minecraft\client\entity\EntityPlayerSP.h">
      <Filter>Header Files</Filter>
    </ClInclude>
    <ClInclude Include="src\base\moduleManager\moduleManager.h">
      <Filter>Header Files</Filter>
    </ClInclude>
    <ClInclude Include="src\base\moduleManager\modules\visual\esp.h">
      <Filter>Header Files</Filter>
    </ClInclude>
    <ClInclude Include="src\base\sdk\net\minecraft\world\World.h">
      <Filter>Header Files</Filter>
    </ClInclude>
    <ClInclude Include="src\base\sdk\net\minecraft\entity\player\EntityPlayer.h">
      <Filter>Header Files</Filter>
    </ClInclude>
    <ClInclude Include="src\base\sdk\java\util\List.h">
      <Filter>Header Files</Filter>
    </ClInclude>
    <ClInclude Include="src\base\sdk\net\minecraft\entity\EntityLivingBase.h">
      <Filter>Header Files</Filter>
    </ClInclude>
    <ClInclude Include="src\base\sdk\net\minecraft\client\multiplayer\WorldClient.h">
      <Filter>Header Files</Filter>
    </ClInclude>
    <ClInclude Include="src\base\sdk\java\util\Set.h">
      <Filter>Header Files</Filter>
    </ClInclude>
    <ClInclude Include="src\base\sdk\net\minecraft\client\renderer\ActiveRenderInfo.h">
      <Filter>Header Files</Filter>
    </ClInclude>
    <ClInclude Include="src\base\sdk\java\nio\FloatBuffer.h">
      <Filter>Header Files</Filter>
    </ClInclude>
    <ClInclude Include="src\base\sdk\net\minecraft\client\renderer\entity\RenderManager.h">
      <Filter>Header Files</Filter>
    </ClInclude>
    <ClInclude Include="src\base\sdk\net\minecraft\util\Timer.h">
      <Filter>Header Files</Filter>
    </ClInclude>
    <ClInclude Include="src\base\util\math\geometry.h">
      <Filter>Header Files</Filter>
    </ClInclude>
    <ClInclude Include="src\base\util\math\math.h">
      <Filter>Header Files</Filter>
    </ClInclude>
    <ClInclude Include="src\base\util\math\worldToScreen.h">
      <Filter>Header Files</Filter>
    </ClInclude>
    <ClInclude Include="src\base\moduleManager\commonData.h">
      <Filter>Header Files</Filter>
    </ClInclude>
    <ClInclude Include="src\base\moduleManager\modules\combat\aimAssist.h">
      <Filter>Header Files</Filter>
    </ClInclude>
    <ClInclude Include="src\base\util\window\borderless.h">
      <Filter>Header Files</Filter>
    </ClInclude>
    <ClInclude Include="src\base\sdk\net\minecraft\client\settings\GameSettings.h">
      <Filter>Header Files</Filter>
    </ClInclude>
    <ClInclude Include="src\base\moduleManager\modules\combat\reach.h">
      <Filter>Header Files</Filter>
    </ClInclude>
    <ClInclude Include="src\base\sdk\net\minecraft\util\AxisAlignedBB.h">
      <Filter>Header Files</Filter>
    </ClInclude>
    <ClInclude Include="src\base\util\trimmer.h">
      <Filter>Header Files</Filter>
    </ClInclude>
    <ClInclude Include="src\base\util\render\renderqolf.h">
      <Filter>Header Files</Filter>
    </ClInclude>
    <ClInclude Include="src\base\sdk\net\minecraft\util\MovingObjectPosition.h">
      <Filter>Header Files</Filter>
    </ClInclude>
    <ClInclude Include="src\base\sdk\net\minecraft\util\Vec3.h">
      <Filter>Header Files</Filter>
    </ClInclude>
    <ClInclude Include="src\base\sdk\strayCache.h">
      <Filter>Header Files</Filter>
    </ClInclude>
    <ClInclude Include="ext\fonts\jetbrainsmono.h">
      <Filter>Header Files</Filter>
    </ClInclude>
    <ClInclude Include="src\base\moduleManager\modules\clicker\leftAutoClicker.h">
      <Filter>Header Files</Filter>
    </ClInclude>
    <ClInclude Include="src\base\moduleManager\modules\clicker\rightAutoClicker.h">
      <Filter>Header Files</Filter>
    </ClInclude>
    <ClInclude Include="src\base\sdk\net\minecraft\entity\player\InventoryPlayer.h">
      <Filter>Header Files</Filter>
    </ClInclude>
    <ClInclude Include="src\base\sdk\net\minecraft\item\ItemStack.h">
      <Filter>Header Files</Filter>
    </ClInclude>
    <ClInclude Include="src\base\patcher\patcher.h">
      <Filter>Header Files</Filter>
    </ClInclude>
    <ClInclude Include="src\base\patcher\miniz.h">
      <Filter>Header Files</Filter>
    </ClInclude>
    <ClInclude Include="src\base\patcher\data.h">
      <Filter>Header Files</Filter>
    </ClInclude>
  </ItemGroup>
  <ItemGroup>
    <ClCompile Include="src\main.cpp">
      <Filter>Source Files</Filter>
    </ClCompile>
    <ClCompile Include="src\base\base.cpp">
      <Filter>Source Files</Filter>
    </ClCompile>
    <ClCompile Include="src\base\java\java.cpp">
      <Filter>Source Files</Filter>
    </ClCompile>
    <ClCompile Include="src\base\util\logger.cpp">
      <Filter>Source Files</Filter>
    </ClCompile>
    <ClCompile Include="src\base\menu\menu.cpp">
      <Filter>Source Files</Filter>
    </ClCompile>
    <ClCompile Include="ext\imgui\imgui.cpp">
      <Filter>Source Files</Filter>
    </ClCompile>
    <ClCompile Include="ext\imgui\imgui_demo.cpp">
      <Filter>Source Files</Filter>
    </ClCompile>
    <ClCompile Include="ext\imgui\imgui_draw.cpp">
      <Filter>Source Files</Filter>
    </ClCompile>
    <ClCompile Include="ext\imgui\imgui_impl_opengl2.cpp">
      <Filter>Source Files</Filter>
    </ClCompile>
    <ClCompile Include="ext\imgui\imgui_impl_win32.cpp">
      <Filter>Source Files</Filter>
    </ClCompile>
    <ClCompile Include="ext\imgui\imgui_tables.cpp">
      <Filter>Source Files</Filter>
    </ClCompile>
    <ClCompile Include="ext\imgui\imgui_widgets.cpp">
      <Filter>Source Files</Filter>
    </ClCompile>
    <ClCompile Include="ext\minhook\hde\hde32.c">
      <Filter>Source Files</Filter>
    </ClCompile>
    <ClCompile Include="ext\minhook\hde\hde64.c">
      <Filter>Source Files</Filter>
    </ClCompile>
    <ClCompile Include="ext\minhook\buffer.c">
      <Filter>Source Files</Filter>
    </ClCompile>
    <ClCompile Include="ext\minhook\hook.c">
      <Filter>Source Files</Filter>
    </ClCompile>
    <ClCompile Include="ext\minhook\trampoline.c">
      <Filter>Source Files</Filter>
    </ClCompile>
    <ClCompile Include="src\base\menu\hooks\wglSwapBuffers.cpp">
      <Filter>Source Files</Filter>
    </ClCompile>
    <ClCompile Include="src\base\menu\renderMenu.cpp">
      <Filter>Source Files</Filter>
    </ClCompile>
    <ClCompile Include="src\base\menu\hooks\wndProc.cpp">
      <Filter>Source Files</Filter>
    </ClCompile>
    <ClCompile Include="src\base\sdk\java\lang\String.cpp">
      <Filter>Source Files</Filter>
    </ClCompile>
    <ClCompile Include="src\base\sdk\net\minecraft\client\entity\EntityPlayerSP.cpp">
      <Filter>Source Files</Filter>
    </ClCompile>
    <ClCompile Include="src\base\sdk\net\minecraft\client\Minecraft.cpp">
      <Filter>Source Files</Filter>
    </ClCompile>
    <ClCompile Include="src\base\sdk\net\minecraft\entity\Entity.cpp">
      <Filter>Source Files</Filter>
    </ClCompile>
    <ClCompile Include="src\base\sdk\sdk.cpp">
      <Filter>Source Files</Filter>
    </ClCompile>
    <ClCompile Include="src\base\renderLoop.cpp">
      <Filter>Source Files</Filter>
    </ClCompile>
    <ClCompile Include="src\base\moduleManager\moduleManager.cpp">
      <Filter>Source Files</Filter>
    </ClCompile>
    <ClCompile Include="src\base\sdk\net\minecraft\world\World.cpp">
      <Filter>Source Files</Filter>
    </ClCompile>
    <ClCompile Include="src\base\sdk\net\minecraft\entity\player\EntityPlayer.cpp">
      <Filter>Source Files</Filter>
    </ClCompile>
    <ClCompile Include="src\base\sdk\java\util\List.cpp">
      <Filter>Source Files</Filter>
    </ClCompile>
    <ClCompile Include="src\base\sdk\net\minecraft\entity\EntityLivingBase.cpp">
      <Filter>Source Files</Filter>
    </ClCompile>
    <ClCompile Include="src\base\sdk\net\minecraft\client\multiplayer\WorldClient.cpp">
      <Filter>Source Files</Filter>
    </ClCompile>
    <ClCompile Include="src\base\sdk\java\util\Set.cpp">
      <Filter>Source Files</Filter>
    </ClCompile>
    <ClCompile Include="src\base\sdk\net\minecraft\client\renderer\ActiveRenderInfo.cpp">
      <Filter>Source Files</Filter>
    </ClCompile>
    <ClCompile Include="src\base\sdk\java\nio\FloatBuffer.cpp">
      <Filter>Source Files</Filter>
    </ClCompile>
    <ClCompile Include="src\base\sdk\net\minecraft\client\renderer\entity\RenderManager.cpp">
      <Filter>Source Files</Filter>
    </ClCompile>
    <ClCompile Include="src\base\sdk\net\minecraft\util\Timer.cpp">
      <Filter>Source Files</Filter>
    </ClCompile>
    <ClCompile Include="src\base\util\math\math.cpp">
      <Filter>Source Files</Filter>
    </ClCompile>
    <ClCompile Include="src\base\util\math\worldToScreen.cpp">
      <Filter>Source Files</Filter>
    </ClCompile>
    <ClCompile Include="src\base\moduleManager\modules\visual\esp.cpp">
      <Filter>Source Files</Filter>
    </ClCompile>
    <ClCompile Include="src\base\moduleManager\modules\combat\aimAssist.cpp">
      <Filter>Source Files</Filter>
    </ClCompile>
    <ClCompile Include="src\base\util\window\borderless.cpp">
      <Filter>Source Files</Filter>
    </ClCompile>
    <ClCompile Include="src\base\sdk\net\minecraft\client\settings\GameSettings.cpp">
      <Filter>Source Files</Filter>
    </ClCompile>
    <ClCompile Include="src\base\moduleManager\modules\combat\reach.cpp">
      <Filter>Source Files</Filter>
    </ClCompile>
    <ClCompile Include="src\base\sdk\net\minecraft\util\AxisAlignedBB.cpp">
      <Filter>Source Files</Filter>
    </ClCompile>
    <ClCompile Include="src\base\sdk\net\minecraft\util\MovingObjectPosition.cpp">
      <Filter>Source Files</Filter>
    </ClCompile>
    <ClCompile Include="src\base\sdk\net\minecraft\util\Vec3.cpp">
      <Filter>Source Files</Filter>
    </ClCompile>
    <ClCompile Include="src\base\moduleManager\modules\clicker\leftAutoClicker.cpp">
      <Filter>Source Files</Filter>
    </ClCompile>
    <ClCompile Include="src\base\moduleManager\modules\clicker\rightAutoClicker.cpp">
      <Filter>Source Files</Filter>
    </ClCompile>
    <ClCompile Include="src\base\sdk\net\minecraft\entity\player\InventoryPlayer.cpp">
      <Filter>Source Files</Filter>
    </ClCompile>
    <ClCompile Include="src\base\sdk\net\minecraft\item\ItemStack.cpp">
      <Filter>Source Files</Filter>
    </ClCompile>
    <ClCompile Include="src\base\patcher\patcher.cpp">
      <Filter>Source Files</Filter>
    </ClCompile>
    <ClCompile Include="src\base\patcher\miniz.c">
      <Filter>Source Files</Filter>
    </ClCompile>
  </ItemGroup>
</Project>